// !$*UTF8*$!
{
	archiveVersion = 1;
	classes = {
	};
	objectVersion = 51;
	objects = {

/* Begin PBXBuildFile section */
		B9C4AFCB8B49214957100E9D /* libPods-Klitch.a in Frameworks */ = {isa = PBXBuildFile; fileRef = 2427AC7E7B92042FBAC71A83 /* libPods-Klitch.a */; };
		DA183D452658F79D00C79B52 /* AuthViewController.swift in Sources */ = {isa = PBXBuildFile; fileRef = DA183D432658F79D00C79B52 /* AuthViewController.swift */; };
		DA183D462658F79D00C79B52 /* AuthView.xib in Resources */ = {isa = PBXBuildFile; fileRef = DA183D442658F79D00C79B52 /* AuthView.xib */; };
		DA183D4B2658F7B600C79B52 /* SignUpViewController.swift in Sources */ = {isa = PBXBuildFile; fileRef = DA183D492658F7B600C79B52 /* SignUpViewController.swift */; };
		DA183D4C2658F7B600C79B52 /* SignUpView.xib in Resources */ = {isa = PBXBuildFile; fileRef = DA183D4A2658F7B600C79B52 /* SignUpView.xib */; };
		DA183D522658F7CB00C79B52 /* MainViewController.swift in Sources */ = {isa = PBXBuildFile; fileRef = DA183D502658F7CB00C79B52 /* MainViewController.swift */; };
		DA183D532658F7CB00C79B52 /* MainView.xib in Resources */ = {isa = PBXBuildFile; fileRef = DA183D512658F7CB00C79B52 /* MainView.xib */; };
		DA183D59265900B500C79B52 /* AlertHelper.swift in Sources */ = {isa = PBXBuildFile; fileRef = DA183D58265900B500C79B52 /* AlertHelper.swift */; };
		DA183D5D26590A8800C79B52 /* LoadingButton.swift in Sources */ = {isa = PBXBuildFile; fileRef = DA183D5C26590A8800C79B52 /* LoadingButton.swift */; };
		DAE2583E2658ED1600D0B836 /* AppDelegate.swift in Sources */ = {isa = PBXBuildFile; fileRef = DAE2583D2658ED1600D0B836 /* AppDelegate.swift */; };
		DAE258402658ED1600D0B836 /* SceneDelegate.swift in Sources */ = {isa = PBXBuildFile; fileRef = DAE2583F2658ED1600D0B836 /* SceneDelegate.swift */; };
		DAE258472658ED1800D0B836 /* Assets.xcassets in Resources */ = {isa = PBXBuildFile; fileRef = DAE258462658ED1800D0B836 /* Assets.xcassets */; };
		DAE2584A2658ED1800D0B836 /* LaunchScreen.storyboard in Resources */ = {isa = PBXBuildFile; fileRef = DAE258482658ED1800D0B836 /* LaunchScreen.storyboard */; };
		DAE258572658EF0800D0B836 /* GoogleService-Info.plist in Resources */ = {isa = PBXBuildFile; fileRef = DAE258562658EF0800D0B836 /* GoogleService-Info.plist */; };
/* End PBXBuildFile section */

/* Begin PBXFileReference section */
		2427AC7E7B92042FBAC71A83 /* libPods-Klitch.a */ = {isa = PBXFileReference; explicitFileType = archive.ar; includeInIndex = 0; path = "libPods-Klitch.a"; sourceTree = BUILT_PRODUCTS_DIR; };
		63BF0C6E1E4C9FEA73A4FB7D /* Pods-Klitch.release.xcconfig */ = {isa = PBXFileReference; includeInIndex = 1; lastKnownFileType = text.xcconfig; name = "Pods-Klitch.release.xcconfig"; path = "Target Support Files/Pods-Klitch/Pods-Klitch.release.xcconfig"; sourceTree = "<group>"; };
		DA183D432658F79D00C79B52 /* AuthViewController.swift */ = {isa = PBXFileReference; lastKnownFileType = sourcecode.swift; path = AuthViewController.swift; sourceTree = "<group>"; };
		DA183D442658F79D00C79B52 /* AuthView.xib */ = {isa = PBXFileReference; lastKnownFileType = file.xib; path = AuthView.xib; sourceTree = "<group>"; };
		DA183D492658F7B600C79B52 /* SignUpViewController.swift */ = {isa = PBXFileReference; lastKnownFileType = sourcecode.swift; path = SignUpViewController.swift; sourceTree = "<group>"; };
		DA183D4A2658F7B600C79B52 /* SignUpView.xib */ = {isa = PBXFileReference; lastKnownFileType = file.xib; path = SignUpView.xib; sourceTree = "<group>"; };
		DA183D502658F7CB00C79B52 /* MainViewController.swift */ = {isa = PBXFileReference; lastKnownFileType = sourcecode.swift; path = MainViewController.swift; sourceTree = "<group>"; };
		DA183D512658F7CB00C79B52 /* MainView.xib */ = {isa = PBXFileReference; lastKnownFileType = file.xib; path = MainView.xib; sourceTree = "<group>"; };
		DA183D58265900B500C79B52 /* AlertHelper.swift */ = {isa = PBXFileReference; lastKnownFileType = sourcecode.swift; path = AlertHelper.swift; sourceTree = "<group>"; };
		DA183D5C26590A8800C79B52 /* LoadingButton.swift */ = {isa = PBXFileReference; lastKnownFileType = sourcecode.swift; path = LoadingButton.swift; sourceTree = "<group>"; };
		DAE2583A2658ED1600D0B836 /* Klitch.app */ = {isa = PBXFileReference; explicitFileType = wrapper.application; includeInIndex = 0; path = Klitch.app; sourceTree = BUILT_PRODUCTS_DIR; };
		DAE2583D2658ED1600D0B836 /* AppDelegate.swift */ = {isa = PBXFileReference; lastKnownFileType = sourcecode.swift; path = AppDelegate.swift; sourceTree = "<group>"; };
		DAE2583F2658ED1600D0B836 /* SceneDelegate.swift */ = {isa = PBXFileReference; lastKnownFileType = sourcecode.swift; path = SceneDelegate.swift; sourceTree = "<group>"; };
		DAE258462658ED1800D0B836 /* Assets.xcassets */ = {isa = PBXFileReference; lastKnownFileType = folder.assetcatalog; path = Assets.xcassets; sourceTree = "<group>"; };
		DAE258492658ED1800D0B836 /* Base */ = {isa = PBXFileReference; lastKnownFileType = file.storyboard; name = Base; path = Base.lproj/LaunchScreen.storyboard; sourceTree = "<group>"; };
		DAE2584B2658ED1800D0B836 /* Info.plist */ = {isa = PBXFileReference; lastKnownFileType = text.plist.xml; path = Info.plist; sourceTree = "<group>"; };
		DAE258562658EF0800D0B836 /* GoogleService-Info.plist */ = {isa = PBXFileReference; fileEncoding = 4; lastKnownFileType = text.plist.xml; path = "GoogleService-Info.plist"; sourceTree = "<group>"; };
		E5C84B3BD2B4408395FCAE9F /* Pods-Klitch.debug.xcconfig */ = {isa = PBXFileReference; includeInIndex = 1; lastKnownFileType = text.xcconfig; name = "Pods-Klitch.debug.xcconfig"; path = "Target Support Files/Pods-Klitch/Pods-Klitch.debug.xcconfig"; sourceTree = "<group>"; };
/* End PBXFileReference section */

/* Begin PBXFrameworksBuildPhase section */
		DAE258372658ED1600D0B836 /* Frameworks */ = {
			isa = PBXFrameworksBuildPhase;
			buildActionMask = 2147483647;
			files = (
				B9C4AFCB8B49214957100E9D /* libPods-Klitch.a in Frameworks */,
			);
			runOnlyForDeploymentPostprocessing = 0;
		};
/* End PBXFrameworksBuildPhase section */

/* Begin PBXGroup section */
		3952329784FCD723AD8E6B0B /* Pods */ = {
			isa = PBXGroup;
			children = (
				E5C84B3BD2B4408395FCAE9F /* Pods-Klitch.debug.xcconfig */,
				63BF0C6E1E4C9FEA73A4FB7D /* Pods-Klitch.release.xcconfig */,
			);
			path = Pods;
			sourceTree = "<group>";
		};
		750B015E56D928DA67D8F2C2 /* Frameworks */ = {
			isa = PBXGroup;
			children = (
				2427AC7E7B92042FBAC71A83 /* libPods-Klitch.a */,
			);
			name = Frameworks;
			sourceTree = "<group>";
		};
		DA183D3B2658F76000C79B52 /* AuthView */ = {
			isa = PBXGroup;
			children = (
				DA183D432658F79D00C79B52 /* AuthViewController.swift */,
				DA183D442658F79D00C79B52 /* AuthView.xib */,
			);
			path = AuthView;
			sourceTree = "<group>";
		};
		DA183D482658F7A400C79B52 /* SignUpView */ = {
			isa = PBXGroup;
			children = (
				DA183D492658F7B600C79B52 /* SignUpViewController.swift */,
				DA183D4A2658F7B600C79B52 /* SignUpView.xib */,
			);
			path = SignUpView;
			sourceTree = "<group>";
		};
		DA183D4F2658F7BE00C79B52 /* MainView */ = {
			isa = PBXGroup;
			children = (
				DA183D502658F7CB00C79B52 /* MainViewController.swift */,
				DA183D512658F7CB00C79B52 /* MainView.xib */,
			);
			path = MainView;
			sourceTree = "<group>";
		};
		DAE258312658ED1600D0B836 = {
			isa = PBXGroup;
			children = (
				DAE258562658EF0800D0B836 /* GoogleService-Info.plist */,
				DAE2583C2658ED1600D0B836 /* Klitch */,
				DAE2583B2658ED1600D0B836 /* Products */,
				3952329784FCD723AD8E6B0B /* Pods */,
				750B015E56D928DA67D8F2C2 /* Frameworks */,
			);
			sourceTree = "<group>";
		};
		DAE2583B2658ED1600D0B836 /* Products */ = {
			isa = PBXGroup;
			children = (
				DAE2583A2658ED1600D0B836 /* Klitch.app */,
			);
			name = Products;
			sourceTree = "<group>";
		};
		DAE2583C2658ED1600D0B836 /* Klitch */ = {
			isa = PBXGroup;
			children = (
				DA183D58265900B500C79B52 /* AlertHelper.swift */,
				DA183D5C26590A8800C79B52 /* LoadingButton.swift */,
				DA183D4F2658F7BE00C79B52 /* MainView */,
				DA183D482658F7A400C79B52 /* SignUpView */,
				DA183D3B2658F76000C79B52 /* AuthView */,
				DAE2583D2658ED1600D0B836 /* AppDelegate.swift */,
				DAE2583F2658ED1600D0B836 /* SceneDelegate.swift */,
				DAE258462658ED1800D0B836 /* Assets.xcassets */,
				DAE258482658ED1800D0B836 /* LaunchScreen.storyboard */,
				DAE2584B2658ED1800D0B836 /* Info.plist */,
			);
			path = Klitch;
			sourceTree = "<group>";
		};
/* End PBXGroup section */

/* Begin PBXNativeTarget section */
		DAE258392658ED1600D0B836 /* Klitch */ = {
			isa = PBXNativeTarget;
			buildConfigurationList = DAE2584E2658ED1800D0B836 /* Build configuration list for PBXNativeTarget "Klitch" */;
			buildPhases = (
				B5FE61C8D252EF7B7258ACCA /* [CP] Check Pods Manifest.lock */,
				DAE258362658ED1600D0B836 /* Sources */,
				DAE258372658ED1600D0B836 /* Frameworks */,
				DAE258382658ED1600D0B836 /* Resources */,
				27896849E13661C061E2C301 /* [CP] Copy Pods Resources */,
			);
			buildRules = (
			);
			dependencies = (
			);
			name = Klitch;
			productName = Klitch;
			productReference = DAE2583A2658ED1600D0B836 /* Klitch.app */;
			productType = "com.apple.product-type.application";
		};
/* End PBXNativeTarget section */

/* Begin PBXProject section */
		DAE258322658ED1600D0B836 /* Project object */ = {
			isa = PBXProject;
			attributes = {
				LastSwiftUpdateCheck = 1220;
				LastUpgradeCheck = 1220;
				TargetAttributes = {
					DAE258392658ED1600D0B836 = {
						CreatedOnToolsVersion = 12.2;
					};
				};
			};
			buildConfigurationList = DAE258352658ED1600D0B836 /* Build configuration list for PBXProject "Klitch" */;
			compatibilityVersion = "Xcode 9.3";
			developmentRegion = en;
			hasScannedForEncodings = 0;
			knownRegions = (
				en,
				Base,
			);
			mainGroup = DAE258312658ED1600D0B836;
			productRefGroup = DAE2583B2658ED1600D0B836 /* Products */;
			projectDirPath = "";
			projectRoot = "";
			targets = (
				DAE258392658ED1600D0B836 /* Klitch */,
			);
		};
/* End PBXProject section */

/* Begin PBXResourcesBuildPhase section */
		DAE258382658ED1600D0B836 /* Resources */ = {
			isa = PBXResourcesBuildPhase;
			buildActionMask = 2147483647;
			files = (
				DA183D4C2658F7B600C79B52 /* SignUpView.xib in Resources */,
				DA183D532658F7CB00C79B52 /* MainView.xib in Resources */,
				DA183D462658F79D00C79B52 /* AuthView.xib in Resources */,
				DAE2584A2658ED1800D0B836 /* LaunchScreen.storyboard in Resources */,
				DAE258572658EF0800D0B836 /* GoogleService-Info.plist in Resources */,
				DAE258472658ED1800D0B836 /* Assets.xcassets in Resources */,
			);
			runOnlyForDeploymentPostprocessing = 0;
		};
/* End PBXResourcesBuildPhase section */

/* Begin PBXShellScriptBuildPhase section */
		27896849E13661C061E2C301 /* [CP] Copy Pods Resources */ = {
			isa = PBXShellScriptBuildPhase;
			buildActionMask = 2147483647;
			files = (
			);
			inputFileListPaths = (
				"${PODS_ROOT}/Target Support Files/Pods-Klitch/Pods-Klitch-resources-${CONFIGURATION}-input-files.xcfilelist",
			);
			name = "[CP] Copy Pods Resources";
			outputFileListPaths = (
				"${PODS_ROOT}/Target Support Files/Pods-Klitch/Pods-Klitch-resources-${CONFIGURATION}-output-files.xcfilelist",
			);
			runOnlyForDeploymentPostprocessing = 0;
			shellPath = /bin/sh;
			shellScript = "\"${PODS_ROOT}/Target Support Files/Pods-Klitch/Pods-Klitch-resources.sh\"\n";
			showEnvVarsInLog = 0;
		};
		B5FE61C8D252EF7B7258ACCA /* [CP] Check Pods Manifest.lock */ = {
			isa = PBXShellScriptBuildPhase;
			buildActionMask = 2147483647;
			files = (
			);
			inputFileListPaths = (
			);
			inputPaths = (
				"${PODS_PODFILE_DIR_PATH}/Podfile.lock",
				"${PODS_ROOT}/Manifest.lock",
			);
			name = "[CP] Check Pods Manifest.lock";
			outputFileListPaths = (
			);
			outputPaths = (
				"$(DERIVED_FILE_DIR)/Pods-Klitch-checkManifestLockResult.txt",
			);
			runOnlyForDeploymentPostprocessing = 0;
			shellPath = /bin/sh;
			shellScript = "diff \"${PODS_PODFILE_DIR_PATH}/Podfile.lock\" \"${PODS_ROOT}/Manifest.lock\" > /dev/null\nif [ $? != 0 ] ; then\n    # print error to STDERR\n    echo \"error: The sandbox is not in sync with the Podfile.lock. Run 'pod install' or update your CocoaPods installation.\" >&2\n    exit 1\nfi\n# This output is used by Xcode 'outputs' to avoid re-running this script phase.\necho \"SUCCESS\" > \"${SCRIPT_OUTPUT_FILE_0}\"\n";
			showEnvVarsInLog = 0;
		};
/* End PBXShellScriptBuildPhase section */

/* Begin PBXSourcesBuildPhase section */
		DAE258362658ED1600D0B836 /* Sources */ = {
			isa = PBXSourcesBuildPhase;
			buildActionMask = 2147483647;
			files = (
				DA183D59265900B500C79B52 /* AlertHelper.swift in Sources */,
				DA183D5D26590A8800C79B52 /* LoadingButton.swift in Sources */,
				DAE2583E2658ED1600D0B836 /* AppDelegate.swift in Sources */,
				DA183D452658F79D00C79B52 /* AuthViewController.swift in Sources */,
				DA183D4B2658F7B600C79B52 /* SignUpViewController.swift in Sources */,
				DAE258402658ED1600D0B836 /* SceneDelegate.swift in Sources */,
				DA183D522658F7CB00C79B52 /* MainViewController.swift in Sources */,
			);
			runOnlyForDeploymentPostprocessing = 0;
		};
/* End PBXSourcesBuildPhase section */

/* Begin PBXVariantGroup section */
		DAE258482658ED1800D0B836 /* LaunchScreen.storyboard */ = {
			isa = PBXVariantGroup;
			children = (
				DAE258492658ED1800D0B836 /* Base */,
			);
			name = LaunchScreen.storyboard;
			sourceTree = "<group>";
		};
/* End PBXVariantGroup section */

/* Begin XCBuildConfiguration section */
		DAE2584C2658ED1800D0B836 /* Debug */ = {
			isa = XCBuildConfiguration;
			buildSettings = {
				ALWAYS_SEARCH_USER_PATHS = NO;
				CLANG_ANALYZER_NONNULL = YES;
				CLANG_ANALYZER_NUMBER_OBJECT_CONVERSION = YES_AGGRESSIVE;
				CLANG_CXX_LANGUAGE_STANDARD = "gnu++14";
				CLANG_CXX_LIBRARY = "libc++";
				CLANG_ENABLE_MODULES = YES;
				CLANG_ENABLE_OBJC_ARC = YES;
				CLANG_ENABLE_OBJC_WEAK = YES;
				CLANG_WARN_BLOCK_CAPTURE_AUTORELEASING = YES;
				CLANG_WARN_BOOL_CONVERSION = YES;
				CLANG_WARN_COMMA = YES;
				CLANG_WARN_CONSTANT_CONVERSION = YES;
				CLANG_WARN_DEPRECATED_OBJC_IMPLEMENTATIONS = YES;
				CLANG_WARN_DIRECT_OBJC_ISA_USAGE = YES_ERROR;
				CLANG_WARN_DOCUMENTATION_COMMENTS = YES;
				CLANG_WARN_EMPTY_BODY = YES;
				CLANG_WARN_ENUM_CONVERSION = YES;
				CLANG_WARN_INFINITE_RECURSION = YES;
				CLANG_WARN_INT_CONVERSION = YES;
				CLANG_WARN_NON_LITERAL_NULL_CONVERSION = YES;
				CLANG_WARN_OBJC_IMPLICIT_RETAIN_SELF = YES;
				CLANG_WARN_OBJC_LITERAL_CONVERSION = YES;
				CLANG_WARN_OBJC_ROOT_CLASS = YES_ERROR;
				CLANG_WARN_QUOTED_INCLUDE_IN_FRAMEWORK_HEADER = YES;
				CLANG_WARN_RANGE_LOOP_ANALYSIS = YES;
				CLANG_WARN_STRICT_PROTOTYPES = YES;
				CLANG_WARN_SUSPICIOUS_MOVE = YES;
				CLANG_WARN_UNGUARDED_AVAILABILITY = YES_AGGRESSIVE;
				CLANG_WARN_UNREACHABLE_CODE = YES;
				CLANG_WARN__DUPLICATE_METHOD_MATCH = YES;
				COPY_PHASE_STRIP = NO;
				DEBUG_INFORMATION_FORMAT = dwarf;
				ENABLE_STRICT_OBJC_MSGSEND = YES;
				ENABLE_TESTABILITY = YES;
				GCC_C_LANGUAGE_STANDARD = gnu11;
				GCC_DYNAMIC_NO_PIC = NO;
				GCC_NO_COMMON_BLOCKS = YES;
				GCC_OPTIMIZATION_LEVEL = 0;
				GCC_PREPROCESSOR_DEFINITIONS = (
					"DEBUG=1",
					"$(inherited)",
				);
				GCC_WARN_64_TO_32_BIT_CONVERSION = YES;
				GCC_WARN_ABOUT_RETURN_TYPE = YES_ERROR;
				GCC_WARN_UNDECLARED_SELECTOR = YES;
				GCC_WARN_UNINITIALIZED_AUTOS = YES_AGGRESSIVE;
				GCC_WARN_UNUSED_FUNCTION = YES;
				GCC_WARN_UNUSED_VARIABLE = YES;
				IPHONEOS_DEPLOYMENT_TARGET = 14.2;
				MTL_ENABLE_DEBUG_INFO = INCLUDE_SOURCE;
				MTL_FAST_MATH = YES;
				ONLY_ACTIVE_ARCH = YES;
				SDKROOT = iphoneos;
				SWIFT_ACTIVE_COMPILATION_CONDITIONS = DEBUG;
				SWIFT_OPTIMIZATION_LEVEL = "-Onone";
			};
			name = Debug;
		};
		DAE2584D2658ED1800D0B836 /* Release */ = {
			isa = XCBuildConfiguration;
			buildSettings = {
				ALWAYS_SEARCH_USER_PATHS = NO;
				CLANG_ANALYZER_NONNULL = YES;
				CLANG_ANALYZER_NUMBER_OBJECT_CONVERSION = YES_AGGRESSIVE;
				CLANG_CXX_LANGUAGE_STANDARD = "gnu++14";
				CLANG_CXX_LIBRARY = "libc++";
				CLANG_ENABLE_MODULES = YES;
				CLANG_ENABLE_OBJC_ARC = YES;
				CLANG_ENABLE_OBJC_WEAK = YES;
				CLANG_WARN_BLOCK_CAPTURE_AUTORELEASING = YES;
				CLANG_WARN_BOOL_CONVERSION = YES;
				CLANG_WARN_COMMA = YES;
				CLANG_WARN_CONSTANT_CONVERSION = YES;
				CLANG_WARN_DEPRECATED_OBJC_IMPLEMENTATIONS = YES;
				CLANG_WARN_DIRECT_OBJC_ISA_USAGE = YES_ERROR;
				CLANG_WARN_DOCUMENTATION_COMMENTS = YES;
				CLANG_WARN_EMPTY_BODY = YES;
				CLANG_WARN_ENUM_CONVERSION = YES;
				CLANG_WARN_INFINITE_RECURSION = YES;
				CLANG_WARN_INT_CONVERSION = YES;
				CLANG_WARN_NON_LITERAL_NULL_CONVERSION = YES;
				CLANG_WARN_OBJC_IMPLICIT_RETAIN_SELF = YES;
				CLANG_WARN_OBJC_LITERAL_CONVERSION = YES;
				CLANG_WARN_OBJC_ROOT_CLASS = YES_ERROR;
				CLANG_WARN_QUOTED_INCLUDE_IN_FRAMEWORK_HEADER = YES;
				CLANG_WARN_RANGE_LOOP_ANALYSIS = YES;
				CLANG_WARN_STRICT_PROTOTYPES = YES;
				CLANG_WARN_SUSPICIOUS_MOVE = YES;
				CLANG_WARN_UNGUARDED_AVAILABILITY = YES_AGGRESSIVE;
				CLANG_WARN_UNREACHABLE_CODE = YES;
				CLANG_WARN__DUPLICATE_METHOD_MATCH = YES;
				COPY_PHASE_STRIP = NO;
				DEBUG_INFORMATION_FORMAT = "dwarf-with-dsym";
				ENABLE_NS_ASSERTIONS = NO;
				ENABLE_STRICT_OBJC_MSGSEND = YES;
				GCC_C_LANGUAGE_STANDARD = gnu11;
				GCC_NO_COMMON_BLOCKS = YES;
				GCC_WARN_64_TO_32_BIT_CONVERSION = YES;
				GCC_WARN_ABOUT_RETURN_TYPE = YES_ERROR;
				GCC_WARN_UNDECLARED_SELECTOR = YES;
				GCC_WARN_UNINITIALIZED_AUTOS = YES_AGGRESSIVE;
				GCC_WARN_UNUSED_FUNCTION = YES;
				GCC_WARN_UNUSED_VARIABLE = YES;
				IPHONEOS_DEPLOYMENT_TARGET = 14.2;
				MTL_ENABLE_DEBUG_INFO = NO;
				MTL_FAST_MATH = YES;
				SDKROOT = iphoneos;
				SWIFT_COMPILATION_MODE = wholemodule;
				SWIFT_OPTIMIZATION_LEVEL = "-O";
				VALIDATE_PRODUCT = YES;
			};
			name = Release;
		};
		DAE2584F2658ED1800D0B836 /* Debug */ = {
			isa = XCBuildConfiguration;
			baseConfigurationReference = E5C84B3BD2B4408395FCAE9F /* Pods-Klitch.debug.xcconfig */;
			buildSettings = {
				ASSETCATALOG_COMPILER_APPICON_NAME = AppIcon;
				ASSETCATALOG_COMPILER_GLOBAL_ACCENT_COLOR_NAME = AccentColor;
				CODE_SIGN_STYLE = Automatic;
				DEVELOPMENT_TEAM = Q7B95BGYFX;
				INFOPLIST_FILE = Klitch/Info.plist;
				LD_RUNPATH_SEARCH_PATHS = (
					"$(inherited)",
					"@executable_path/Frameworks",
				);
				PRODUCT_BUNDLE_IDENTIFIER = com.olejiksa.Klitch;
				PRODUCT_NAME = "$(TARGET_NAME)";
				SWIFT_VERSION = 5.0;
				TARGETED_DEVICE_FAMILY = "1,2";
			};
			name = Debug;
		};
		DAE258502658ED1800D0B836 /* Release */ = {
			isa = XCBuildConfiguration;
			baseConfigurationReference = 63BF0C6E1E4C9FEA73A4FB7D /* Pods-Klitch.release.xcconfig */;
			buildSettings = {
				ASSETCATALOG_COMPILER_APPICON_NAME = AppIcon;
				ASSETCATALOG_COMPILER_GLOBAL_ACCENT_COLOR_NAME = AccentColor;
				CODE_SIGN_STYLE = Automatic;
				DEVELOPMENT_TEAM = Q7B95BGYFX;
				INFOPLIST_FILE = Klitch/Info.plist;
				LD_RUNPATH_SEARCH_PATHS = (
					"$(inherited)",
					"@executable_path/Frameworks",
				);
				PRODUCT_BUNDLE_IDENTIFIER = com.olejiksa.Klitch;
				PRODUCT_NAME = "$(TARGET_NAME)";
				SWIFT_VERSION = 5.0;
				TARGETED_DEVICE_FAMILY = "1,2";
			};
			name = Release;
		};
/* End XCBuildConfiguration section */

/* Begin XCConfigurationList section */
		DAE258352658ED1600D0B836 /* Build configuration list for PBXProject "Klitch" */ = {
			isa = XCConfigurationList;
			buildConfigurations = (
				DAE2584C2658ED1800D0B836 /* Debug */,
				DAE2584D2658ED1800D0B836 /* Release */,
			);
			defaultConfigurationIsVisible = 0;
			defaultConfigurationName = Release;
		};
		DAE2584E2658ED1800D0B836 /* Build configuration list for PBXNativeTarget "Klitch" */ = {
			isa = XCConfigurationList;
			buildConfigurations = (
				DAE2584F2658ED1800D0B836 /* Debug */,
				DAE258502658ED1800D0B836 /* Release */,
			);
			defaultConfigurationIsVisible = 0;
			defaultConfigurationName = Release;
		};
/* End XCConfigurationList section */
	};
	rootObject = DAE258322658ED1600D0B836 /* Project object */;
}
